
Microsoft Visual Studio Solution File, Format Version 12.00
# Visual Studio Version 17
VisualStudioVersion = 17.8.34525.116
MinimumVisualStudioVersion = 10.0.40219.1
Project("{9A19103F-16F7-4668-BE54-9A1E7A4F7556}") = "TypesAndVariables", "TypesAndVariables\TypesAndVariables.csproj", "{DD387E7F-9D7E-46CC-B5C9-FD79637DBBC4}"
EndProject
Project("{9A19103F-16F7-4668-BE54-9A1E7A4F7556}") = "Conditionals", "Conditionals\Conditionals.csproj", "{28FD9782-14B0-4C9C-BCDC-C8C4877FD897}"
EndProject
Project("{9A19103F-16F7-4668-BE54-9A1E7A4F7556}") = "Methods", "Methods\Methods.csproj", "{58DE4DFC-EF89-446C-B9B2-77083FF3FC67}"
EndProject
Project("{9A19103F-16F7-4668-BE54-9A1E7A4F7556}") = "Arrays", "Arrays\Arrays.csproj", "{2F267591-86FE-4EE5-99E1-A7CE62F36FA2}"
EndProject
Project("{9A19103F-16F7-4668-BE54-9A1E7A4F7556}") = "Loops", "Loops\Loops.csproj", "{122D9954-5EFC-453E-B026-B2F455AA2C1D}"
EndProject
Project("{9A19103F-16F7-4668-BE54-9A1E7A4F7556}") = "Strings", "Strings\Strings.csproj", "{33A29B46-0928-40E5-BD69-95E35A167885}"
EndProject
Project("{9A19103F-16F7-4668-BE54-9A1E7A4F7556}") = "Classes", "Classes\Classes.csproj", "{5D4530D6-F33D-4A0B-8391-F4C6ED6BC125}"
EndProject
Project("{FAE04EC0-301F-11D3-BF4B-00C04F79EFBC}") = "RecapDemo1", "RecapDemo1\RecapDemo1.csproj", "{AAD0ABF2-66BD-4909-A816-9CF9306C2B60}"
EndProject
Project("{9A19103F-16F7-4668-BE54-9A1E7A4F7556}") = "Interfaces", "Interfaces\Interfaces.csproj", "{7BE152D9-9E87-4DB4-B53F-6D0474661811}"
EndProject
Project("{9A19103F-16F7-4668-BE54-9A1E7A4F7556}") = "InterfacesDemo", "InterfacesDemo\InterfacesDemo.csproj", "{64BFF7E0-2D5D-43E4-9AFE-686DD695F10E}"
EndProject
Project("{9A19103F-16F7-4668-BE54-9A1E7A4F7556}") = "Inheritance", "Inheritance\Inheritance.csproj", "{5EDAEB3B-9629-43FD-BA7F-E01CCA36AE5F}"
EndProject
Project("{9A19103F-16F7-4668-BE54-9A1E7A4F7556}") = "ReferenceTypes", "ReferenceTypes\ReferenceTypes.csproj", "{F05A9F6B-EFB7-4A8F-8863-176D26F5D797}"
EndProject
Project("{9A19103F-16F7-4668-BE54-9A1E7A4F7556}") = "Constructors", "Constructors\Constructors.csproj", "{4DE62A43-D66D-4685-9820-85818042E17E}"
EndProject
Project("{FAE04EC0-301F-11D3-BF4B-00C04F79EFBC}") = "Interfaces2", "Interfaces2\Interfaces2.csproj", "{BBF40833-8FAD-4DE6-A8F9-AA4FABE4FCD1}"
EndProject
Project("{FAE04EC0-301F-11D3-BF4B-00C04F79EFBC}") = "Generics", "Generics\Generics.csproj", "{E90CA72B-E8D4-4FF1-9C24-7A482C020020}"
EndProject
Project("{FAE04EC0-301F-11D3-BF4B-00C04F79EFBC}") = "ThreadingDemo", "ThreadingDemo\ThreadingDemo.csproj", "{0591D7CD-0FE5-4E48-8415-9FC098149A24}"
EndProject
Project("{FAE04EC0-301F-11D3-BF4B-00C04F79EFBC}") = "LinqProject", "LinqProject\LinqProject.csproj", "{E760BF6C-06D0-4F17-955F-85E080D45624}"
EndProject
Global
	GlobalSection(SolutionConfigurationPlatforms) = preSolution
		Debug|Any CPU = Debug|Any CPU
		Release|Any CPU = Release|Any CPU
	EndGlobalSection
	GlobalSection(ProjectConfigurationPlatforms) = postSolution
		{DD387E7F-9D7E-46CC-B5C9-FD79637DBBC4}.Debug|Any CPU.ActiveCfg = Debug|Any CPU
		{DD387E7F-9D7E-46CC-B5C9-FD79637DBBC4}.Debug|Any CPU.Build.0 = Debug|Any CPU
		{DD387E7F-9D7E-46CC-B5C9-FD79637DBBC4}.Release|Any CPU.ActiveCfg = Release|Any CPU
		{DD387E7F-9D7E-46CC-B5C9-FD79637DBBC4}.Release|Any CPU.Build.0 = Release|Any CPU
		{28FD9782-14B0-4C9C-BCDC-C8C4877FD897}.Debug|Any CPU.ActiveCfg = Debug|Any CPU
		{28FD9782-14B0-4C9C-BCDC-C8C4877FD897}.Debug|Any CPU.Build.0 = Debug|Any CPU
		{28FD9782-14B0-4C9C-BCDC-C8C4877FD897}.Release|Any CPU.ActiveCfg = Release|Any CPU
		{28FD9782-14B0-4C9C-BCDC-C8C4877FD897}.Release|Any CPU.Build.0 = Release|Any CPU
		{58DE4DFC-EF89-446C-B9B2-77083FF3FC67}.Debug|Any CPU.ActiveCfg = Debug|Any CPU
		{58DE4DFC-EF89-446C-B9B2-77083FF3FC67}.Debug|Any CPU.Build.0 = Debug|Any CPU
		{58DE4DFC-EF89-446C-B9B2-77083FF3FC67}.Release|Any CPU.ActiveCfg = Release|Any CPU
		{58DE4DFC-EF89-446C-B9B2-77083FF3FC67}.Release|Any CPU.Build.0 = Release|Any CPU
		{2F267591-86FE-4EE5-99E1-A7CE62F36FA2}.Debug|Any CPU.ActiveCfg = Debug|Any CPU
		{2F267591-86FE-4EE5-99E1-A7CE62F36FA2}.Debug|Any CPU.Build.0 = Debug|Any CPU
		{2F267591-86FE-4EE5-99E1-A7CE62F36FA2}.Release|Any CPU.ActiveCfg = Release|Any CPU
		{2F267591-86FE-4EE5-99E1-A7CE62F36FA2}.Release|Any CPU.Build.0 = Release|Any CPU
		{122D9954-5EFC-453E-B026-B2F455AA2C1D}.Debug|Any CPU.ActiveCfg = Debug|Any CPU
		{122D9954-5EFC-453E-B026-B2F455AA2C1D}.Debug|Any CPU.Build.0 = Debug|Any CPU
		{122D9954-5EFC-453E-B026-B2F455AA2C1D}.Release|Any CPU.ActiveCfg = Release|Any CPU
		{122D9954-5EFC-453E-B026-B2F455AA2C1D}.Release|Any CPU.Build.0 = Release|Any CPU
		{33A29B46-0928-40E5-BD69-95E35A167885}.Debug|Any CPU.ActiveCfg = Debug|Any CPU
		{33A29B46-0928-40E5-BD69-95E35A167885}.Debug|Any CPU.Build.0 = Debug|Any CPU
		{33A29B46-0928-40E5-BD69-95E35A167885}.Release|Any CPU.ActiveCfg = Release|Any CPU
		{33A29B46-0928-40E5-BD69-95E35A167885}.Release|Any CPU.Build.0 = Release|Any CPU
		{5D4530D6-F33D-4A0B-8391-F4C6ED6BC125}.Debug|Any CPU.ActiveCfg = Debug|Any CPU
		{5D4530D6-F33D-4A0B-8391-F4C6ED6BC125}.Debug|Any CPU.Build.0 = Debug|Any CPU
		{5D4530D6-F33D-4A0B-8391-F4C6ED6BC125}.Release|Any CPU.ActiveCfg = Release|Any CPU
		{5D4530D6-F33D-4A0B-8391-F4C6ED6BC125}.Release|Any CPU.Build.0 = Release|Any CPU
		{AAD0ABF2-66BD-4909-A816-9CF9306C2B60}.Debug|Any CPU.ActiveCfg = Debug|Any CPU
		{AAD0ABF2-66BD-4909-A816-9CF9306C2B60}.Debug|Any CPU.Build.0 = Debug|Any CPU
		{AAD0ABF2-66BD-4909-A816-9CF9306C2B60}.Release|Any CPU.ActiveCfg = Release|Any CPU
		{AAD0ABF2-66BD-4909-A816-9CF9306C2B60}.Release|Any CPU.Build.0 = Release|Any CPU
		{7BE152D9-9E87-4DB4-B53F-6D0474661811}.Debug|Any CPU.ActiveCfg = Debug|Any CPU
		{7BE152D9-9E87-4DB4-B53F-6D0474661811}.Debug|Any CPU.Build.0 = Debug|Any CPU
		{7BE152D9-9E87-4DB4-B53F-6D0474661811}.Release|Any CPU.ActiveCfg = Release|Any CPU
		{7BE152D9-9E87-4DB4-B53F-6D0474661811}.Release|Any CPU.Build.0 = Release|Any CPU
		{64BFF7E0-2D5D-43E4-9AFE-686DD695F10E}.Debug|Any CPU.ActiveCfg = Debug|Any CPU
		{64BFF7E0-2D5D-43E4-9AFE-686DD695F10E}.Debug|Any CPU.Build.0 = Debug|Any CPU
		{64BFF7E0-2D5D-43E4-9AFE-686DD695F10E}.Release|Any CPU.ActiveCfg = Release|Any CPU
		{64BFF7E0-2D5D-43E4-9AFE-686DD695F10E}.Release|Any CPU.Build.0 = Release|Any CPU
		{5EDAEB3B-9629-43FD-BA7F-E01CCA36AE5F}.Debug|Any CPU.ActiveCfg = Debug|Any CPU
		{5EDAEB3B-9629-43FD-BA7F-E01CCA36AE5F}.Debug|Any CPU.Build.0 = Debug|Any CPU
		{5EDAEB3B-9629-43FD-BA7F-E01CCA36AE5F}.Release|Any CPU.ActiveCfg = Release|Any CPU
		{5EDAEB3B-9629-43FD-BA7F-E01CCA36AE5F}.Release|Any CPU.Build.0 = Release|Any CPU
		{F05A9F6B-EFB7-4A8F-8863-176D26F5D797}.Debug|Any CPU.ActiveCfg = Debug|Any CPU
		{F05A9F6B-EFB7-4A8F-8863-176D26F5D797}.Debug|Any CPU.Build.0 = Debug|Any CPU
		{F05A9F6B-EFB7-4A8F-8863-176D26F5D797}.Release|Any CPU.ActiveCfg = Release|Any CPU
		{F05A9F6B-EFB7-4A8F-8863-176D26F5D797}.Release|Any CPU.Build.0 = Release|Any CPU
		{4DE62A43-D66D-4685-9820-85818042E17E}.Debug|Any CPU.ActiveCfg = Debug|Any CPU
		{4DE62A43-D66D-4685-9820-85818042E17E}.Debug|Any CPU.Build.0 = Debug|Any CPU
		{4DE62A43-D66D-4685-9820-85818042E17E}.Release|Any CPU.ActiveCfg = Release|Any CPU
		{4DE62A43-D66D-4685-9820-85818042E17E}.Release|Any CPU.Build.0 = Release|Any CPU
		{BBF40833-8FAD-4DE6-A8F9-AA4FABE4FCD1}.Debug|Any CPU.ActiveCfg = Debug|Any CPU
		{BBF40833-8FAD-4DE6-A8F9-AA4FABE4FCD1}.Debug|Any CPU.Build.0 = Debug|Any CPU
		{BBF40833-8FAD-4DE6-A8F9-AA4FABE4FCD1}.Release|Any CPU.ActiveCfg = Release|Any CPU
		{BBF40833-8FAD-4DE6-A8F9-AA4FABE4FCD1}.Release|Any CPU.Build.0 = Release|Any CPU
		{E90CA72B-E8D4-4FF1-9C24-7A482C020020}.Debug|Any CPU.ActiveCfg = Debug|Any CPU
		{E90CA72B-E8D4-4FF1-9C24-7A482C020020}.Debug|Any CPU.Build.0 = Debug|Any CPU
		{E90CA72B-E8D4-4FF1-9C24-7A482C020020}.Release|Any CPU.ActiveCfg = Release|Any CPU
		{E90CA72B-E8D4-4FF1-9C24-7A482C020020}.Release|Any CPU.Build.0 = Release|Any CPU
		{0591D7CD-0FE5-4E48-8415-9FC098149A24}.Debug|Any CPU.ActiveCfg = Debug|Any CPU
		{0591D7CD-0FE5-4E48-8415-9FC098149A24}.Debug|Any CPU.Build.0 = Debug|Any CPU
		{0591D7CD-0FE5-4E48-8415-9FC098149A24}.Release|Any CPU.ActiveCfg = Release|Any CPU
		{0591D7CD-0FE5-4E48-8415-9FC098149A24}.Release|Any CPU.Build.0 = Release|Any CPU
		{E760BF6C-06D0-4F17-955F-85E080D45624}.Debug|Any CPU.ActiveCfg = Debug|Any CPU
		{E760BF6C-06D0-4F17-955F-85E080D45624}.Debug|Any CPU.Build.0 = Debug|Any CPU
		{E760BF6C-06D0-4F17-955F-85E080D45624}.Release|Any CPU.ActiveCfg = Release|Any CPU
		{E760BF6C-06D0-4F17-955F-85E080D45624}.Release|Any CPU.Build.0 = Release|Any CPU
	EndGlobalSection
	GlobalSection(SolutionProperties) = preSolution
		HideSolutionNode = FALSE
	EndGlobalSection
	GlobalSection(ExtensibilityGlobals) = postSolution
		SolutionGuid = {6F3E0513-1E36-4906-8596-8FA86456ACCF}
	EndGlobalSection
EndGlobal
